// !$*UTF8*$!
{
	archiveVersion = 1;
	classes = {
	};
	objectVersion = 46;
	objects = {

/* Begin PBXBuildFile section */
		90A7BCAC1D3F759F00FE6C18 /* AppDelegate.swift in Sources */ = {isa = PBXBuildFile; fileRef = 90A7BCAB1D3F759F00FE6C18 /* AppDelegate.swift */; };
		90A7BCB31D3F759F00FE6C18 /* Main.storyboard in Resources */ = {isa = PBXBuildFile; fileRef = 90A7BCB11D3F759F00FE6C18 /* Main.storyboard */; };
		90A7BCB51D3F759F00FE6C18 /* Assets.xcassets in Resources */ = {isa = PBXBuildFile; fileRef = 90A7BCB41D3F759F00FE6C18 /* Assets.xcassets */; };
		90A7BCB81D3F759F00FE6C18 /* LaunchScreen.storyboard in Resources */ = {isa = PBXBuildFile; fileRef = 90A7BCB61D3F759F00FE6C18 /* LaunchScreen.storyboard */; };
		90A7BCC31D3F759F00FE6C18 /* LenkilaUserTests.swift in Sources */ = {isa = PBXBuildFile; fileRef = 90A7BCC21D3F759F00FE6C18 /* LenkilaUserTests.swift */; };
		90A7BCCE1D3F759F00FE6C18 /* LenkilaUserUITests.swift in Sources */ = {isa = PBXBuildFile; fileRef = 90A7BCCD1D3F759F00FE6C18 /* LenkilaUserUITests.swift */; };
		90A7BCDC1D3F8AF100FE6C18 /* News.storyboard in Resources */ = {isa = PBXBuildFile; fileRef = 90A7BCDB1D3F8AF100FE6C18 /* News.storyboard */; };
		90A7BCDE1D3F8AFF00FE6C18 /* Chat.storyboard in Resources */ = {isa = PBXBuildFile; fileRef = 90A7BCDD1D3F8AFF00FE6C18 /* Chat.storyboard */; };
		90A7BCE01D3F8B1200FE6C18 /* FindPitch.storyboard in Resources */ = {isa = PBXBuildFile; fileRef = 90A7BCDF1D3F8B1200FE6C18 /* FindPitch.storyboard */; };
		90A7BCEA1D40875B00FE6C18 /* PageContainerViewController.swift in Sources */ = {isa = PBXBuildFile; fileRef = 90A7BCE91D40875B00FE6C18 /* PageContainerViewController.swift */; };
		90A7BCEC1D4087B200FE6C18 /* PageViewController.swift in Sources */ = {isa = PBXBuildFile; fileRef = 90A7BCEB1D4087B200FE6C18 /* PageViewController.swift */; };
/* End PBXBuildFile section */

/* Begin PBXContainerItemProxy section */
		90A7BCBF1D3F759F00FE6C18 /* PBXContainerItemProxy */ = {
			isa = PBXContainerItemProxy;
			containerPortal = 90A7BCA01D3F759F00FE6C18 /* Project object */;
			proxyType = 1;
			remoteGlobalIDString = 90A7BCA71D3F759F00FE6C18;
			remoteInfo = LenkilaUser;
		};
		90A7BCCA1D3F759F00FE6C18 /* PBXContainerItemProxy */ = {
			isa = PBXContainerItemProxy;
			containerPortal = 90A7BCA01D3F759F00FE6C18 /* Project object */;
			proxyType = 1;
			remoteGlobalIDString = 90A7BCA71D3F759F00FE6C18;
			remoteInfo = LenkilaUser;
		};
/* End PBXContainerItemProxy section */

/* Begin PBXFileReference section */
		90A7BCA81D3F759F00FE6C18 /* LenkilaUser.app */ = {isa = PBXFileReference; explicitFileType = wrapper.application; includeInIndex = 0; path = LenkilaUser.app; sourceTree = BUILT_PRODUCTS_DIR; };
		90A7BCAB1D3F759F00FE6C18 /* AppDelegate.swift */ = {isa = PBXFileReference; lastKnownFileType = sourcecode.swift; path = AppDelegate.swift; sourceTree = "<group>"; };
		90A7BCB21D3F759F00FE6C18 /* Base */ = {isa = PBXFileReference; lastKnownFileType = file.storyboard; name = Base; path = Base.lproj/Main.storyboard; sourceTree = "<group>"; };
		90A7BCB41D3F759F00FE6C18 /* Assets.xcassets */ = {isa = PBXFileReference; lastKnownFileType = folder.assetcatalog; path = Assets.xcassets; sourceTree = "<group>"; };
		90A7BCB71D3F759F00FE6C18 /* Base */ = {isa = PBXFileReference; lastKnownFileType = file.storyboard; name = Base; path = Base.lproj/LaunchScreen.storyboard; sourceTree = "<group>"; };
		90A7BCB91D3F759F00FE6C18 /* Info.plist */ = {isa = PBXFileReference; lastKnownFileType = text.plist.xml; path = Info.plist; sourceTree = "<group>"; };
		90A7BCBE1D3F759F00FE6C18 /* LenkilaUserTests.xctest */ = {isa = PBXFileReference; explicitFileType = wrapper.cfbundle; includeInIndex = 0; path = LenkilaUserTests.xctest; sourceTree = BUILT_PRODUCTS_DIR; };
		90A7BCC21D3F759F00FE6C18 /* LenkilaUserTests.swift */ = {isa = PBXFileReference; lastKnownFileType = sourcecode.swift; path = LenkilaUserTests.swift; sourceTree = "<group>"; };
		90A7BCC41D3F759F00FE6C18 /* Info.plist */ = {isa = PBXFileReference; lastKnownFileType = text.plist.xml; path = Info.plist; sourceTree = "<group>"; };
		90A7BCC91D3F759F00FE6C18 /* LenkilaUserUITests.xctest */ = {isa = PBXFileReference; explicitFileType = wrapper.cfbundle; includeInIndex = 0; path = LenkilaUserUITests.xctest; sourceTree = BUILT_PRODUCTS_DIR; };
		90A7BCCD1D3F759F00FE6C18 /* LenkilaUserUITests.swift */ = {isa = PBXFileReference; lastKnownFileType = sourcecode.swift; path = LenkilaUserUITests.swift; sourceTree = "<group>"; };
		90A7BCCF1D3F759F00FE6C18 /* Info.plist */ = {isa = PBXFileReference; lastKnownFileType = text.plist.xml; path = Info.plist; sourceTree = "<group>"; };
		90A7BCDB1D3F8AF100FE6C18 /* News.storyboard */ = {isa = PBXFileReference; fileEncoding = 4; lastKnownFileType = file.storyboard; path = News.storyboard; sourceTree = "<group>"; };
		90A7BCDD1D3F8AFF00FE6C18 /* Chat.storyboard */ = {isa = PBXFileReference; fileEncoding = 4; lastKnownFileType = file.storyboard; path = Chat.storyboard; sourceTree = "<group>"; };
		90A7BCDF1D3F8B1200FE6C18 /* FindPitch.storyboard */ = {isa = PBXFileReference; fileEncoding = 4; lastKnownFileType = file.storyboard; path = FindPitch.storyboard; sourceTree = "<group>"; };
		90A7BCE91D40875B00FE6C18 /* PageContainerViewController.swift */ = {isa = PBXFileReference; fileEncoding = 4; lastKnownFileType = sourcecode.swift; path = PageContainerViewController.swift; sourceTree = "<group>"; };
		90A7BCEB1D4087B200FE6C18 /* PageViewController.swift */ = {isa = PBXFileReference; fileEncoding = 4; lastKnownFileType = sourcecode.swift; path = PageViewController.swift; sourceTree = "<group>"; };
/* End PBXFileReference section */

/* Begin PBXFrameworksBuildPhase section */
		90A7BCA51D3F759F00FE6C18 /* Frameworks */ = {
			isa = PBXFrameworksBuildPhase;
			buildActionMask = 2147483647;
			files = (
			);
			runOnlyForDeploymentPostprocessing = 0;
		};
		90A7BCBB1D3F759F00FE6C18 /* Frameworks */ = {
			isa = PBXFrameworksBuildPhase;
			buildActionMask = 2147483647;
			files = (
			);
			runOnlyForDeploymentPostprocessing = 0;
		};
		90A7BCC61D3F759F00FE6C18 /* Frameworks */ = {
			isa = PBXFrameworksBuildPhase;
			buildActionMask = 2147483647;
			files = (
			);
			runOnlyForDeploymentPostprocessing = 0;
		};
/* End PBXFrameworksBuildPhase section */

/* Begin PBXGroup section */
		90A7BC9F1D3F759F00FE6C18 = {
			isa = PBXGroup;
			children = (
				90A7BCAA1D3F759F00FE6C18 /* LenkilaUser */,
				90A7BCC11D3F759F00FE6C18 /* LenkilaUserTests */,
				90A7BCCC1D3F759F00FE6C18 /* LenkilaUserUITests */,
				90A7BCA91D3F759F00FE6C18 /* Products */,
			);
			sourceTree = "<group>";
		};
		90A7BCA91D3F759F00FE6C18 /* Products */ = {
			isa = PBXGroup;
			children = (
				90A7BCA81D3F759F00FE6C18 /* LenkilaUser.app */,
				90A7BCBE1D3F759F00FE6C18 /* LenkilaUserTests.xctest */,
				90A7BCC91D3F759F00FE6C18 /* LenkilaUserUITests.xctest */,
			);
			name = Products;
			sourceTree = "<group>";
		};
		90A7BCAA1D3F759F00FE6C18 /* LenkilaUser */ = {
			isa = PBXGroup;
			children = (
				90A7BCE31D3F8B4F00FE6C18 /* Storyboard */,
				90A7BCE41D3F901800FE6C18 /* News */,
				90A7BCE51D3F901F00FE6C18 /* Chat */,
				90A7BCE61D3F902700FE6C18 /* FindPitch */,
				90A7BCE91D40875B00FE6C18 /* PageContainerViewController.swift */,
				90A7BCEB1D4087B200FE6C18 /* PageViewController.swift */,
				90A7BCB41D3F759F00FE6C18 /* Assets.xcassets */,
				90A7BCAB1D3F759F00FE6C18 /* AppDelegate.swift */,
				90A7BCB61D3F759F00FE6C18 /* LaunchScreen.storyboard */,
				90A7BCB91D3F759F00FE6C18 /* Info.plist */,
			);
			path = LenkilaUser;
			sourceTree = "<group>";
		};
		90A7BCC11D3F759F00FE6C18 /* LenkilaUserTests */ = {
			isa = PBXGroup;
			children = (
				90A7BCC21D3F759F00FE6C18 /* LenkilaUserTests.swift */,
				90A7BCC41D3F759F00FE6C18 /* Info.plist */,
			);
			path = LenkilaUserTests;
			sourceTree = "<group>";
		};
		90A7BCCC1D3F759F00FE6C18 /* LenkilaUserUITests */ = {
			isa = PBXGroup;
			children = (
				90A7BCCD1D3F759F00FE6C18 /* LenkilaUserUITests.swift */,
				90A7BCCF1D3F759F00FE6C18 /* Info.plist */,
			);
			path = LenkilaUserUITests;
			sourceTree = "<group>";
		};
		90A7BCE31D3F8B4F00FE6C18 /* Storyboard */ = {
			isa = PBXGroup;
			children = (
				90A7BCB11D3F759F00FE6C18 /* Main.storyboard */,
				90A7BCDB1D3F8AF100FE6C18 /* News.storyboard */,
				90A7BCDD1D3F8AFF00FE6C18 /* Chat.storyboard */,
				90A7BCDF1D3F8B1200FE6C18 /* FindPitch.storyboard */,
			);
			name = Storyboard;
			sourceTree = "<group>";
		};
		90A7BCE41D3F901800FE6C18 /* News */ = {
			isa = PBXGroup;
			children = (
			);
			name = News;
			sourceTree = "<group>";
		};
		90A7BCE51D3F901F00FE6C18 /* Chat */ = {
			isa = PBXGroup;
			children = (
			);
			name = Chat;
			sourceTree = "<group>";
		};
		90A7BCE61D3F902700FE6C18 /* FindPitch */ = {
			isa = PBXGroup;
			children = (
			);
			name = FindPitch;
			sourceTree = "<group>";
		};
/* End PBXGroup section */

/* Begin PBXNativeTarget section */
		90A7BCA71D3F759F00FE6C18 /* LenkilaUser */ = {
			isa = PBXNativeTarget;
			buildConfigurationList = 90A7BCD21D3F759F00FE6C18 /* Build configuration list for PBXNativeTarget "LenkilaUser" */;
			buildPhases = (
				90A7BCA41D3F759F00FE6C18 /* Sources */,
				90A7BCA51D3F759F00FE6C18 /* Frameworks */,
				90A7BCA61D3F759F00FE6C18 /* Resources */,
			);
			buildRules = (
			);
			dependencies = (
			);
			name = LenkilaUser;
			productName = LenkilaUser;
			productReference = 90A7BCA81D3F759F00FE6C18 /* LenkilaUser.app */;
			productType = "com.apple.product-type.application";
		};
		90A7BCBD1D3F759F00FE6C18 /* LenkilaUserTests */ = {
			isa = PBXNativeTarget;
			buildConfigurationList = 90A7BCD51D3F759F00FE6C18 /* Build configuration list for PBXNativeTarget "LenkilaUserTests" */;
			buildPhases = (
				90A7BCBA1D3F759F00FE6C18 /* Sources */,
				90A7BCBB1D3F759F00FE6C18 /* Frameworks */,
				90A7BCBC1D3F759F00FE6C18 /* Resources */,
			);
			buildRules = (
			);
			dependencies = (
				90A7BCC01D3F759F00FE6C18 /* PBXTargetDependency */,
			);
			name = LenkilaUserTests;
			productName = LenkilaUserTests;
			productReference = 90A7BCBE1D3F759F00FE6C18 /* LenkilaUserTests.xctest */;
			productType = "com.apple.product-type.bundle.unit-test";
		};
		90A7BCC81D3F759F00FE6C18 /* LenkilaUserUITests */ = {
			isa = PBXNativeTarget;
			buildConfigurationList = 90A7BCD81D3F759F00FE6C18 /* Build configuration list for PBXNativeTarget "LenkilaUserUITests" */;
			buildPhases = (
				90A7BCC51D3F759F00FE6C18 /* Sources */,
				90A7BCC61D3F759F00FE6C18 /* Frameworks */,
				90A7BCC71D3F759F00FE6C18 /* Resources */,
			);
			buildRules = (
			);
			dependencies = (
				90A7BCCB1D3F759F00FE6C18 /* PBXTargetDependency */,
			);
			name = LenkilaUserUITests;
			productName = LenkilaUserUITests;
			productReference = 90A7BCC91D3F759F00FE6C18 /* LenkilaUserUITests.xctest */;
			productType = "com.apple.product-type.bundle.ui-testing";
		};
/* End PBXNativeTarget section */

/* Begin PBXProject section */
		90A7BCA01D3F759F00FE6C18 /* Project object */ = {
			isa = PBXProject;
			attributes = {
				LastSwiftUpdateCheck = 0730;
				LastUpgradeCheck = 0730;
				ORGANIZATIONNAME = "Peeranut Mahatham";
				TargetAttributes = {
					90A7BCA71D3F759F00FE6C18 = {
						CreatedOnToolsVersion = 7.3.1;
						DevelopmentTeam = KW6467J3NC;
					};
					90A7BCBD1D3F759F00FE6C18 = {
						CreatedOnToolsVersion = 7.3.1;
						TestTargetID = 90A7BCA71D3F759F00FE6C18;
					};
					90A7BCC81D3F759F00FE6C18 = {
						CreatedOnToolsVersion = 7.3.1;
						TestTargetID = 90A7BCA71D3F759F00FE6C18;
					};
				};
			};
			buildConfigurationList = 90A7BCA31D3F759F00FE6C18 /* Build configuration list for PBXProject "LenkilaUser" */;
			compatibilityVersion = "Xcode 3.2";
			developmentRegion = English;
			hasScannedForEncodings = 0;
			knownRegions = (
				en,
				Base,
			);
			mainGroup = 90A7BC9F1D3F759F00FE6C18;
			productRefGroup = 90A7BCA91D3F759F00FE6C18 /* Products */;
			projectDirPath = "";
			projectRoot = "";
			targets = (
				90A7BCA71D3F759F00FE6C18 /* LenkilaUser */,
				90A7BCBD1D3F759F00FE6C18 /* LenkilaUserTests */,
				90A7BCC81D3F759F00FE6C18 /* LenkilaUserUITests */,
			);
		};
/* End PBXProject section */

/* Begin PBXResourcesBuildPhase section */
		90A7BCA61D3F759F00FE6C18 /* Resources */ = {
			isa = PBXResourcesBuildPhase;
			buildActionMask = 2147483647;
			files = (
				90A7BCE01D3F8B1200FE6C18 /* FindPitch.storyboard in Resources */,
				90A7BCB81D3F759F00FE6C18 /* LaunchScreen.storyboard in Resources */,
				90A7BCB51D3F759F00FE6C18 /* Assets.xcassets in Resources */,
				90A7BCB31D3F759F00FE6C18 /* Main.storyboard in Resources */,
				90A7BCDE1D3F8AFF00FE6C18 /* Chat.storyboard in Resources */,
				90A7BCDC1D3F8AF100FE6C18 /* News.storyboard in Resources */,
			);
			runOnlyForDeploymentPostprocessing = 0;
		};
		90A7BCBC1D3F759F00FE6C18 /* Resources */ = {
			isa = PBXResourcesBuildPhase;
			buildActionMask = 2147483647;
			files = (
			);
			runOnlyForDeploymentPostprocessing = 0;
		};
		90A7BCC71D3F759F00FE6C18 /* Resources */ = {
			isa = PBXResourcesBuildPhase;
			buildActionMask = 2147483647;
			files = (
			);
			runOnlyForDeploymentPostprocessing = 0;
		};
/* End PBXResourcesBuildPhase section */

/* Begin PBXSourcesBuildPhase section */
		90A7BCA41D3F759F00FE6C18 /* Sources */ = {
			isa = PBXSourcesBuildPhase;
			buildActionMask = 2147483647;
			files = (
				90A7BCEC1D4087B200FE6C18 /* PageViewController.swift in Sources */,
				90A7BCEA1D40875B00FE6C18 /* PageContainerViewController.swift in Sources */,
				90A7BCAC1D3F759F00FE6C18 /* AppDelegate.swift in Sources */,
			);
			runOnlyForDeploymentPostprocessing = 0;
		};
		90A7BCBA1D3F759F00FE6C18 /* Sources */ = {
			isa = PBXSourcesBuildPhase;
			buildActionMask = 2147483647;
			files = (
				90A7BCC31D3F759F00FE6C18 /* LenkilaUserTests.swift in Sources */,
			);
			runOnlyForDeploymentPostprocessing = 0;
		};
		90A7BCC51D3F759F00FE6C18 /* Sources */ = {
			isa = PBXSourcesBuildPhase;
			buildActionMask = 2147483647;
			files = (
				90A7BCCE1D3F759F00FE6C18 /* LenkilaUserUITests.swift in Sources */,
			);
			runOnlyForDeploymentPostprocessing = 0;
		};
/* End PBXSourcesBuildPhase section */

/* Begin PBXTargetDependency section */
		90A7BCC01D3F759F00FE6C18 /* PBXTargetDependency */ = {
			isa = PBXTargetDependency;
			target = 90A7BCA71D3F759F00FE6C18 /* LenkilaUser */;
			targetProxy = 90A7BCBF1D3F759F00FE6C18 /* PBXContainerItemProxy */;
		};
		90A7BCCB1D3F759F00FE6C18 /* PBXTargetDependency */ = {
			isa = PBXTargetDependency;
			target = 90A7BCA71D3F759F00FE6C18 /* LenkilaUser */;
			targetProxy = 90A7BCCA1D3F759F00FE6C18 /* PBXContainerItemProxy */;
		};
/* End PBXTargetDependency section */

/* Begin PBXVariantGroup section */
		90A7BCB11D3F759F00FE6C18 /* Main.storyboard */ = {
			isa = PBXVariantGroup;
			children = (
				90A7BCB21D3F759F00FE6C18 /* Base */,
			);
			name = Main.storyboard;
			sourceTree = "<group>";
		};
		90A7BCB61D3F759F00FE6C18 /* LaunchScreen.storyboard */ = {
			isa = PBXVariantGroup;
			children = (
				90A7BCB71D3F759F00FE6C18 /* Base */,
			);
			name = LaunchScreen.storyboard;
			sourceTree = "<group>";
		};
/* End PBXVariantGroup section */

/* Begin XCBuildConfiguration section */
		90A7BCD01D3F759F00FE6C18 /* Debug */ = {
			isa = XCBuildConfiguration;
			buildSettings = {
				ALWAYS_SEARCH_USER_PATHS = NO;
				CLANG_ANALYZER_NONNULL = YES;
				CLANG_CXX_LANGUAGE_STANDARD = "gnu++0x";
				CLANG_CXX_LIBRARY = "libc++";
				CLANG_ENABLE_MODULES = YES;
				CLANG_ENABLE_OBJC_ARC = YES;
				CLANG_WARN_BOOL_CONVERSION = YES;
				CLANG_WARN_CONSTANT_CONVERSION = YES;
				CLANG_WARN_DIRECT_OBJC_ISA_USAGE = YES_ERROR;
				CLANG_WARN_EMPTY_BODY = YES;
				CLANG_WARN_ENUM_CONVERSION = YES;
				CLANG_WARN_INT_CONVERSION = YES;
				CLANG_WARN_OBJC_ROOT_CLASS = YES_ERROR;
				CLANG_WARN_UNREACHABLE_CODE = YES;
				CLANG_WARN__DUPLICATE_METHOD_MATCH = YES;
				"CODE_SIGN_IDENTITY[sdk=iphoneos*]" = "iPhone Developer";
				COPY_PHASE_STRIP = NO;
				DEBUG_INFORMATION_FORMAT = dwarf;
				ENABLE_STRICT_OBJC_MSGSEND = YES;
				ENABLE_TESTABILITY = YES;
				GCC_C_LANGUAGE_STANDARD = gnu99;
				GCC_DYNAMIC_NO_PIC = NO;
				GCC_NO_COMMON_BLOCKS = YES;
				GCC_OPTIMIZATION_LEVEL = 0;
				GCC_PREPROCESSOR_DEFINITIONS = (
					"DEBUG=1",
					"$(inherited)",
				);
				GCC_WARN_64_TO_32_BIT_CONVERSION = YES;
				GCC_WARN_ABOUT_RETURN_TYPE = YES_ERROR;
				GCC_WARN_UNDECLARED_SELECTOR = YES;
				GCC_WARN_UNINITIALIZED_AUTOS = YES_AGGRESSIVE;
				GCC_WARN_UNUSED_FUNCTION = YES;
				GCC_WARN_UNUSED_VARIABLE = YES;
				IPHONEOS_DEPLOYMENT_TARGET = 9.3;
				MTL_ENABLE_DEBUG_INFO = YES;
				ONLY_ACTIVE_ARCH = YES;
				SDKROOT = iphoneos;
				SWIFT_OPTIMIZATION_LEVEL = "-Onone";
			};
			name = Debug;
		};
		90A7BCD11D3F759F00FE6C18 /* Release */ = {
			isa = XCBuildConfiguration;
			buildSettings = {
				ALWAYS_SEARCH_USER_PATHS = NO;
				CLANG_ANALYZER_NONNULL = YES;
				CLANG_CXX_LANGUAGE_STANDARD = "gnu++0x";
				CLANG_CXX_LIBRARY = "libc++";
				CLANG_ENABLE_MODULES = YES;
				CLANG_ENABLE_OBJC_ARC = YES;
				CLANG_WARN_BOOL_CONVERSION = YES;
				CLANG_WARN_CONSTANT_CONVERSION = YES;
				CLANG_WARN_DIRECT_OBJC_ISA_USAGE = YES_ERROR;
				CLANG_WARN_EMPTY_BODY = YES;
				CLANG_WARN_ENUM_CONVERSION = YES;
				CLANG_WARN_INT_CONVERSION = YES;
				CLANG_WARN_OBJC_ROOT_CLASS = YES_ERROR;
				CLANG_WARN_UNREACHABLE_CODE = YES;
				CLANG_WARN__DUPLICATE_METHOD_MATCH = YES;
				"CODE_SIGN_IDENTITY[sdk=iphoneos*]" = "iPhone Developer";
				COPY_PHASE_STRIP = NO;
				DEBUG_INFORMATION_FORMAT = "dwarf-with-dsym";
				ENABLE_NS_ASSERTIONS = NO;
				ENABLE_STRICT_OBJC_MSGSEND = YES;
				GCC_C_LANGUAGE_STANDARD = gnu99;
				GCC_NO_COMMON_BLOCKS = YES;
				GCC_WARN_64_TO_32_BIT_CONVERSION = YES;
				GCC_WARN_ABOUT_RETURN_TYPE = YES_ERROR;
				GCC_WARN_UNDECLARED_SELECTOR = YES;
				GCC_WARN_UNINITIALIZED_AUTOS = YES_AGGRESSIVE;
				GCC_WARN_UNUSED_FUNCTION = YES;
				GCC_WARN_UNUSED_VARIABLE = YES;
				IPHONEOS_DEPLOYMENT_TARGET = 9.3;
				MTL_ENABLE_DEBUG_INFO = NO;
				SDKROOT = iphoneos;
				VALIDATE_PRODUCT = YES;
			};
			name = Release;
		};
		90A7BCD31D3F759F00FE6C18 /* Debug */ = {
			isa = XCBuildConfiguration;
			buildSettings = {
				ASSETCATALOG_COMPILER_APPICON_NAME = AppIcon;
				CODE_SIGN_IDENTITY = "iPhone Developer";
				"CODE_SIGN_IDENTITY[sdk=iphoneos*]" = "iPhone Developer";
				INFOPLIST_FILE = LenkilaUser/Info.plist;
				LD_RUNPATH_SEARCH_PATHS = "$(inherited) @executable_path/Frameworks";
				PRODUCT_BUNDLE_IDENTIFIER = GeekSquadConsulting.LenkilaUser;
				PRODUCT_NAME = "$(TARGET_NAME)";
				PROVISIONING_PROFILE = "";
			};
			name = Debug;
		};
		90A7BCD41D3F759F00FE6C18 /* Release */ = {
			isa = XCBuildConfiguration;
			buildSettings = {
				ASSETCATALOG_COMPILER_APPICON_NAME = AppIcon;
				CODE_SIGN_IDENTITY = "iPhone Developer";
				"CODE_SIGN_IDENTITY[sdk=iphoneos*]" = "iPhone Developer";
				INFOPLIST_FILE = LenkilaUser/Info.plist;
				LD_RUNPATH_SEARCH_PATHS = "$(inherited) @executable_path/Frameworks";
				PRODUCT_BUNDLE_IDENTIFIER = GeekSquadConsulting.LenkilaUser;
				PRODUCT_NAME = "$(TARGET_NAME)";
				PROVISIONING_PROFILE = "";
			};
			name = Release;
		};
		90A7BCD61D3F759F00FE6C18 /* Debug */ = {
			isa = XCBuildConfiguration;
			buildSettings = {
				BUNDLE_LOADER = "$(TEST_HOST)";
				INFOPLIST_FILE = LenkilaUserTests/Info.plist;
				LD_RUNPATH_SEARCH_PATHS = "$(inherited) @executable_path/Frameworks @loader_path/Frameworks";
				PRODUCT_BUNDLE_IDENTIFIER = GeekSquadConsulting.LenkilaUserTests;
				PRODUCT_NAME = "$(TARGET_NAME)";
				TEST_HOST = "$(BUILT_PRODUCTS_DIR)/LenkilaUser.app/LenkilaUser";
			};
			name = Debug;
		};
		90A7BCD71D3F759F00FE6C18 /* Release */ = {
			isa = XCBuildConfiguration;
			buildSettings = {
				BUNDLE_LOADER = "$(TEST_HOST)";
				INFOPLIST_FILE = LenkilaUserTests/Info.plist;
				LD_RUNPATH_SEARCH_PATHS = "$(inherited) @executable_path/Frameworks @loader_path/Frameworks";
				PRODUCT_BUNDLE_IDENTIFIER = GeekSquadConsulting.LenkilaUserTests;
				PRODUCT_NAME = "$(TARGET_NAME)";
				TEST_HOST = "$(BUILT_PRODUCTS_DIR)/LenkilaUser.app/LenkilaUser";
			};
			name = Release;
		};
		90A7BCD91D3F759F00FE6C18 /* Debug */ = {
			isa = XCBuildConfiguration;
			buildSettings = {
				INFOPLIST_FILE = LenkilaUserUITests/Info.plist;
				LD_RUNPATH_SEARCH_PATHS = "$(inherited) @executable_path/Frameworks @loader_path/Frameworks";
				PRODUCT_BUNDLE_IDENTIFIER = GeekSquadConsulting.LenkilaUserUITests;
				PRODUCT_NAME = "$(TARGET_NAME)";
				TEST_TARGET_NAME = LenkilaUser;
			};
			name = Debug;
		};
		90A7BCDA1D3F759F00FE6C18 /* Release */ = {
			isa = XCBuildConfiguration;
			buildSettings = {
				INFOPLIST_FILE = LenkilaUserUITests/Info.plist;
				LD_RUNPATH_SEARCH_PATHS = "$(inherited) @executable_path/Frameworks @loader_path/Frameworks";
				PRODUCT_BUNDLE_IDENTIFIER = GeekSquadConsulting.LenkilaUserUITests;
				PRODUCT_NAME = "$(TARGET_NAME)";
				TEST_TARGET_NAME = LenkilaUser;
			};
			name = Release;
		};
/* End XCBuildConfiguration section */

/* Begin XCConfigurationList section */
		90A7BCA31D3F759F00FE6C18 /* Build configuration list for PBXProject "LenkilaUser" */ = {
			isa = XCConfigurationList;
			buildConfigurations = (
				90A7BCD01D3F759F00FE6C18 /* Debug */,
				90A7BCD11D3F759F00FE6C18 /* Release */,
			);
			defaultConfigurationIsVisible = 0;
			defaultConfigurationName = Release;
		};
		90A7BCD21D3F759F00FE6C18 /* Build configuration list for PBXNativeTarget "LenkilaUser" */ = {
			isa = XCConfigurationList;
			buildConfigurations = (
				90A7BCD31D3F759F00FE6C18 /* Debug */,
				90A7BCD41D3F759F00FE6C18 /* Release */,
			);
			defaultConfigurationIsVisible = 0;
		};
		90A7BCD51D3F759F00FE6C18 /* Build configuration list for PBXNativeTarget "LenkilaUserTests" */ = {
			isa = XCConfigurationList;
			buildConfigurations = (
				90A7BCD61D3F759F00FE6C18 /* Debug */,
				90A7BCD71D3F759F00FE6C18 /* Release */,
			);
			defaultConfigurationIsVisible = 0;
		};
		90A7BCD81D3F759F00FE6C18 /* Build configuration list for PBXNativeTarget "LenkilaUserUITests" */ = {
			isa = XCConfigurationList;
			buildConfigurations = (
				90A7BCD91D3F759F00FE6C18 /* Debug */,
				90A7BCDA1D3F759F00FE6C18 /* Release */,
			);
			defaultConfigurationIsVisible = 0;
		};
/* End XCConfigurationList section */
	};
	rootObject = 90A7BCA01D3F759F00FE6C18 /* Project object */;
}
